// !$*UTF8*$!
{
	archiveVersion = 1;
	classes = {
	};
	objectVersion = 46;
	objects = {

/* Begin PBXBuildFile section */
		271C59E91C38B2AC00CC6956 /* structure_recursion.js in Resources */ = {isa = PBXBuildFile; fileRef = 271C59E81C38B2AC00CC6956 /* structure_recursion.js */; };
		273586521C39F4BF0049DA57 /* CYRLayoutManager.m in Sources */ = {isa = PBXBuildFile; fileRef = 2735864B1C39F4BF0049DA57 /* CYRLayoutManager.m */; };
		273586531C39F4BF0049DA57 /* CYRTextStorage.m in Sources */ = {isa = PBXBuildFile; fileRef = 2735864D1C39F4BF0049DA57 /* CYRTextStorage.m */; };
		273586541C39F4BF0049DA57 /* CYRTextView.m in Sources */ = {isa = PBXBuildFile; fileRef = 2735864F1C39F4BF0049DA57 /* CYRTextView.m */; };
		273586551C39F4BF0049DA57 /* CYRToken.m in Sources */ = {isa = PBXBuildFile; fileRef = 273586511C39F4BF0049DA57 /* CYRToken.m */; };
		273586581C39F5170049DA57 /* QEDTextView.m in Sources */ = {isa = PBXBuildFile; fileRef = 273586571C39F5170049DA57 /* QEDTextView.m */; };
		273849401C3885D400CA627E /* AppDelegate.swift in Sources */ = {isa = PBXBuildFile; fileRef = 2738493F1C3885D400CA627E /* AppDelegate.swift */; };
		273849471C3885D400CA627E /* Assets.xcassets in Resources */ = {isa = PBXBuildFile; fileRef = 273849461C3885D400CA627E /* Assets.xcassets */; };
		2738494A1C3885D400CA627E /* LaunchScreen.storyboard in Resources */ = {isa = PBXBuildFile; fileRef = 273849481C3885D400CA627E /* LaunchScreen.storyboard */; };
		273849551C3885D400CA627E /* EmergeTests.swift in Sources */ = {isa = PBXBuildFile; fileRef = 273849541C3885D400CA627E /* EmergeTests.swift */; };
		273849601C3885D400CA627E /* EmergeUITests.swift in Sources */ = {isa = PBXBuildFile; fileRef = 2738495F1C3885D400CA627E /* EmergeUITests.swift */; };
		2738496E1C38862000CA627E /* Main.storyboard in Resources */ = {isa = PBXBuildFile; fileRef = 2738496D1C38862000CA627E /* Main.storyboard */; };
		273849731C38868400CA627E /* SketchViewController.swift in Sources */ = {isa = PBXBuildFile; fileRef = 273849711C38868400CA627E /* SketchViewController.swift */; };
		273849741C38868400CA627E /* SketchesTableViewController.swift in Sources */ = {isa = PBXBuildFile; fileRef = 273849721C38868400CA627E /* SketchesTableViewController.swift */; };
		273849771C38874400CA627E /* basic_rect.js in Resources */ = {isa = PBXBuildFile; fileRef = 273849761C38874400CA627E /* basic_rect.js */; };
		273849931C388C7900CA627E /* p5native.framework in Frameworks */ = {isa = PBXBuildFile; fileRef = 273849901C388C7200CA627E /* p5native.framework */; };
		273849941C388C7900CA627E /* p5native.framework in Embed Frameworks */ = {isa = PBXBuildFile; fileRef = 273849901C388C7200CA627E /* p5native.framework */; settings = {ATTRIBUTES = (CodeSignOnCopy, RemoveHeadersOnCopy, ); }; };
		2738499A1C3897AC00CA627E /* Binding.swift in Sources */ = {isa = PBXBuildFile; fileRef = 273849991C3897AC00CA627E /* Binding.swift */; };
		2738499C1C389F9C00CA627E /* Slider.swift in Sources */ = {isa = PBXBuildFile; fileRef = 2738499B1C389F9C00CA627E /* Slider.swift */; };
		273C834B1C39FAFC00171660 /* triangle_strip.js in Resources */ = {isa = PBXBuildFile; fileRef = 273C834A1C39FAFC00171660 /* triangle_strip.js */; };
		2758FF661C3DA68200CEB0A4 /* simulate_flocking.js in Resources */ = {isa = PBXBuildFile; fileRef = 2758FF651C3DA68200CEB0A4 /* simulate_flocking.js */; };
		2758FF691C3DA84300CEB0A4 /* math_noise_wave.js in Resources */ = {isa = PBXBuildFile; fileRef = 2758FF681C3DA84300CEB0A4 /* math_noise_wave.js */; };
		2758FF6B1C3DA95700CEB0A4 /* mobile_acceleration_ball_bounce.js in Resources */ = {isa = PBXBuildFile; fileRef = 2758FF6A1C3DA95700CEB0A4 /* mobile_acceleration_ball_bounce.js */; };
		2758FF6F1C3DABFF00CEB0A4 /* hello_p5_weather.js in Resources */ = {isa = PBXBuildFile; fileRef = 2758FF6E1C3DABFF00CEB0A4 /* hello_p5_weather.js */; };
		2758FF711C3DADBB00CEB0A4 /* simulate_spirograph.js in Resources */ = {isa = PBXBuildFile; fileRef = 2758FF701C3DADBB00CEB0A4 /* simulate_spirograph.js */; };
		27A3272F1C39EF4600798110 /* CodeEditorViewController.swift in Sources */ = {isa = PBXBuildFile; fileRef = 27A3272E1C39EF4600798110 /* CodeEditorViewController.swift */; };
		27C665EC1C49650900C6B6EC /* custom_wave_rider.js in Resources */ = {isa = PBXBuildFile; fileRef = 27C665EB1C49650900C6B6EC /* custom_wave_rider.js */; };
		27CA81211C39ADD900028C5D /* simulation_game_of_life.js in Resources */ = {isa = PBXBuildFile; fileRef = 27CA811F1C39ACC900028C5D /* simulation_game_of_life.js */; };
		27CA81231C39AE6800028C5D /* 3d_sine_cosine_in_3d.js in Resources */ = {isa = PBXBuildFile; fileRef = 27CA81221C39AE6800028C5D /* 3d_sine_cosine_in_3d.js */; };
		27CA81251C39AF0600028C5D /* 3d_orbit_control.js in Resources */ = {isa = PBXBuildFile; fileRef = 27CA81241C39AF0600028C5D /* 3d_orbit_control.js */; };
		27CA81271C39B05000028C5D /* 3d_textures.js in Resources */ = {isa = PBXBuildFile; fileRef = 27CA81261C39B05000028C5D /* 3d_textures.js */; };
		27CA81291C39B38D00028C5D /* sound_oscillator_frequency.js in Resources */ = {isa = PBXBuildFile; fileRef = 27CA81281C39B38D00028C5D /* sound_oscillator_frequency.js */; };
		27CA812D1C39B56800028C5D /* math_additive_wave.js in Resources */ = {isa = PBXBuildFile; fileRef = 27CA812C1C39B56800028C5D /* math_additive_wave.js */; };
		27CA812F1C39B7E000028C5D /* sound_mic_input.js in Resources */ = {isa = PBXBuildFile; fileRef = 27CA812E1C39B7E000028C5D /* sound_mic_input.js */; };
		27F815021C3C991E00FD5CB4 /* triangle_strip_advanced.js in Resources */ = {isa = PBXBuildFile; fileRef = 27F815011C3C991E00FD5CB4 /* triangle_strip_advanced.js */; };
		B1DF07836B417AD80A3FD2F3 /* Pods.framework in Frameworks */ = {isa = PBXBuildFile; fileRef = B09FA18CFDB8FD073AD1388B /* Pods.framework */; };
/* End PBXBuildFile section */

/* Begin PBXContainerItemProxy section */
		273849511C3885D400CA627E /* PBXContainerItemProxy */ = {
			isa = PBXContainerItemProxy;
			containerPortal = 273849341C3885D400CA627E /* Project object */;
			proxyType = 1;
			remoteGlobalIDString = 2738493B1C3885D400CA627E;
			remoteInfo = Emerge;
		};
		2738495C1C3885D400CA627E /* PBXContainerItemProxy */ = {
			isa = PBXContainerItemProxy;
			containerPortal = 273849341C3885D400CA627E /* Project object */;
			proxyType = 1;
			remoteGlobalIDString = 2738493B1C3885D400CA627E;
			remoteInfo = Emerge;
		};
		2738498F1C388C7200CA627E /* PBXContainerItemProxy */ = {
			isa = PBXContainerItemProxy;
			containerPortal = 2738498A1C388C7200CA627E /* p5native.xcodeproj */;
			proxyType = 2;
			remoteGlobalIDString = 2790F5921C3646E4007218F4;
			remoteInfo = p5native;
		};
		273849911C388C7200CA627E /* PBXContainerItemProxy */ = {
			isa = PBXContainerItemProxy;
			containerPortal = 2738498A1C388C7200CA627E /* p5native.xcodeproj */;
			proxyType = 2;
			remoteGlobalIDString = 2790F59C1C3646E5007218F4;
			remoteInfo = p5nativeTests;
		};
		273849951C388C7900CA627E /* PBXContainerItemProxy */ = {
			isa = PBXContainerItemProxy;
			containerPortal = 2738498A1C388C7200CA627E /* p5native.xcodeproj */;
			proxyType = 1;
			remoteGlobalIDString = 2790F5911C3646E4007218F4;
			remoteInfo = p5native;
		};
/* End PBXContainerItemProxy section */

/* Begin PBXCopyFilesBuildPhase section */
		273849971C388C7900CA627E /* Embed Frameworks */ = {
			isa = PBXCopyFilesBuildPhase;
			buildActionMask = 2147483647;
			dstPath = "";
			dstSubfolderSpec = 10;
			files = (
				273849941C388C7900CA627E /* p5native.framework in Embed Frameworks */,
			);
			name = "Embed Frameworks";
			runOnlyForDeploymentPostprocessing = 0;
		};
/* End PBXCopyFilesBuildPhase section */

/* Begin PBXFileReference section */
		00CB19B54A9E7765D60C4A60 /* Pods.debug.xcconfig */ = {isa = PBXFileReference; includeInIndex = 1; lastKnownFileType = text.xcconfig; name = Pods.debug.xcconfig; path = "Pods/Target Support Files/Pods/Pods.debug.xcconfig"; sourceTree = "<group>"; };
		271C59E81C38B2AC00CC6956 /* structure_recursion.js */ = {isa = PBXFileReference; fileEncoding = 4; lastKnownFileType = sourcecode.javascript; path = structure_recursion.js; sourceTree = "<group>"; };
		273586491C39F4BF0049DA57 /* Emerge-Bridging-Header.h */ = {isa = PBXFileReference; lastKnownFileType = sourcecode.c.h; path = "Emerge-Bridging-Header.h"; sourceTree = "<group>"; };
		2735864A1C39F4BF0049DA57 /* CYRLayoutManager.h */ = {isa = PBXFileReference; fileEncoding = 4; lastKnownFileType = sourcecode.c.h; path = CYRLayoutManager.h; sourceTree = "<group>"; };
		2735864B1C39F4BF0049DA57 /* CYRLayoutManager.m */ = {isa = PBXFileReference; fileEncoding = 4; lastKnownFileType = sourcecode.c.objc; path = CYRLayoutManager.m; sourceTree = "<group>"; };
		2735864C1C39F4BF0049DA57 /* CYRTextStorage.h */ = {isa = PBXFileReference; fileEncoding = 4; lastKnownFileType = sourcecode.c.h; path = CYRTextStorage.h; sourceTree = "<group>"; };
		2735864D1C39F4BF0049DA57 /* CYRTextStorage.m */ = {isa = PBXFileReference; fileEncoding = 4; lastKnownFileType = sourcecode.c.objc; path = CYRTextStorage.m; sourceTree = "<group>"; };
		2735864E1C39F4BF0049DA57 /* CYRTextView.h */ = {isa = PBXFileReference; fileEncoding = 4; lastKnownFileType = sourcecode.c.h; path = CYRTextView.h; sourceTree = "<group>"; };
		2735864F1C39F4BF0049DA57 /* CYRTextView.m */ = {isa = PBXFileReference; fileEncoding = 4; lastKnownFileType = sourcecode.c.objc; path = CYRTextView.m; sourceTree = "<group>"; };
		273586501C39F4BF0049DA57 /* CYRToken.h */ = {isa = PBXFileReference; fileEncoding = 4; lastKnownFileType = sourcecode.c.h; path = CYRToken.h; sourceTree = "<group>"; };
		273586511C39F4BF0049DA57 /* CYRToken.m */ = {isa = PBXFileReference; fileEncoding = 4; lastKnownFileType = sourcecode.c.objc; path = CYRToken.m; sourceTree = "<group>"; };
		273586561C39F5170049DA57 /* QEDTextView.h */ = {isa = PBXFileReference; fileEncoding = 4; lastKnownFileType = sourcecode.c.h; path = QEDTextView.h; sourceTree = "<group>"; };
		273586571C39F5170049DA57 /* QEDTextView.m */ = {isa = PBXFileReference; fileEncoding = 4; lastKnownFileType = sourcecode.c.objc; path = QEDTextView.m; sourceTree = "<group>"; };
		2738493C1C3885D400CA627E /* Emerge.app */ = {isa = PBXFileReference; explicitFileType = wrapper.application; includeInIndex = 0; path = Emerge.app; sourceTree = BUILT_PRODUCTS_DIR; };
		2738493F1C3885D400CA627E /* AppDelegate.swift */ = {isa = PBXFileReference; lastKnownFileType = sourcecode.swift; path = AppDelegate.swift; sourceTree = "<group>"; };
		273849461C3885D400CA627E /* Assets.xcassets */ = {isa = PBXFileReference; lastKnownFileType = folder.assetcatalog; path = Assets.xcassets; sourceTree = "<group>"; };
		273849491C3885D400CA627E /* Base */ = {isa = PBXFileReference; lastKnownFileType = file.storyboard; name = Base; path = Base.lproj/LaunchScreen.storyboard; sourceTree = "<group>"; };
		2738494B1C3885D400CA627E /* Info.plist */ = {isa = PBXFileReference; lastKnownFileType = text.plist.xml; path = Info.plist; sourceTree = "<group>"; };
		273849501C3885D400CA627E /* EmergeTests.xctest */ = {isa = PBXFileReference; explicitFileType = wrapper.cfbundle; includeInIndex = 0; path = EmergeTests.xctest; sourceTree = BUILT_PRODUCTS_DIR; };
		273849541C3885D400CA627E /* EmergeTests.swift */ = {isa = PBXFileReference; lastKnownFileType = sourcecode.swift; path = EmergeTests.swift; sourceTree = "<group>"; };
		273849561C3885D400CA627E /* Info.plist */ = {isa = PBXFileReference; lastKnownFileType = text.plist.xml; path = Info.plist; sourceTree = "<group>"; };
		2738495B1C3885D400CA627E /* EmergeUITests.xctest */ = {isa = PBXFileReference; explicitFileType = wrapper.cfbundle; includeInIndex = 0; path = EmergeUITests.xctest; sourceTree = BUILT_PRODUCTS_DIR; };
		2738495F1C3885D400CA627E /* EmergeUITests.swift */ = {isa = PBXFileReference; lastKnownFileType = sourcecode.swift; path = EmergeUITests.swift; sourceTree = "<group>"; };
		273849611C3885D400CA627E /* Info.plist */ = {isa = PBXFileReference; lastKnownFileType = text.plist.xml; path = Info.plist; sourceTree = "<group>"; };
		2738496D1C38862000CA627E /* Main.storyboard */ = {isa = PBXFileReference; fileEncoding = 4; lastKnownFileType = file.storyboard; path = Main.storyboard; sourceTree = "<group>"; };
		273849711C38868400CA627E /* SketchViewController.swift */ = {isa = PBXFileReference; fileEncoding = 4; lastKnownFileType = sourcecode.swift; path = SketchViewController.swift; sourceTree = "<group>"; };
		273849721C38868400CA627E /* SketchesTableViewController.swift */ = {isa = PBXFileReference; fileEncoding = 4; lastKnownFileType = sourcecode.swift; path = SketchesTableViewController.swift; sourceTree = "<group>"; };
		273849761C38874400CA627E /* basic_rect.js */ = {isa = PBXFileReference; fileEncoding = 4; lastKnownFileType = sourcecode.javascript; path = basic_rect.js; sourceTree = "<group>"; };
		2738498A1C388C7200CA627E /* p5native.xcodeproj */ = {isa = PBXFileReference; lastKnownFileType = "wrapper.pb-project"; name = p5native.xcodeproj; path = p5native.js/p5native.xcodeproj; sourceTree = SOURCE_ROOT; };
		273849991C3897AC00CA627E /* Binding.swift */ = {isa = PBXFileReference; fileEncoding = 4; lastKnownFileType = sourcecode.swift; path = Binding.swift; sourceTree = "<group>"; };
		2738499B1C389F9C00CA627E /* Slider.swift */ = {isa = PBXFileReference; fileEncoding = 4; lastKnownFileType = sourcecode.swift; path = Slider.swift; sourceTree = "<group>"; };
		273C834A1C39FAFC00171660 /* triangle_strip.js */ = {isa = PBXFileReference; fileEncoding = 4; lastKnownFileType = sourcecode.javascript; path = triangle_strip.js; sourceTree = "<group>"; };
		2758FF651C3DA68200CEB0A4 /* simulate_flocking.js */ = {isa = PBXFileReference; fileEncoding = 4; lastKnownFileType = sourcecode.javascript; path = simulate_flocking.js; sourceTree = "<group>"; };
		2758FF681C3DA84300CEB0A4 /* math_noise_wave.js */ = {isa = PBXFileReference; fileEncoding = 4; lastKnownFileType = sourcecode.javascript; path = math_noise_wave.js; sourceTree = "<group>"; };
		2758FF6A1C3DA95700CEB0A4 /* mobile_acceleration_ball_bounce.js */ = {isa = PBXFileReference; fileEncoding = 4; lastKnownFileType = sourcecode.javascript; path = mobile_acceleration_ball_bounce.js; sourceTree = "<group>"; };
		2758FF6E1C3DABFF00CEB0A4 /* hello_p5_weather.js */ = {isa = PBXFileReference; fileEncoding = 4; lastKnownFileType = sourcecode.javascript; path = hello_p5_weather.js; sourceTree = "<group>"; };
		2758FF701C3DADBB00CEB0A4 /* simulate_spirograph.js */ = {isa = PBXFileReference; fileEncoding = 4; lastKnownFileType = sourcecode.javascript; path = simulate_spirograph.js; sourceTree = "<group>"; };
		27A3272E1C39EF4600798110 /* CodeEditorViewController.swift */ = {isa = PBXFileReference; fileEncoding = 4; lastKnownFileType = sourcecode.swift; path = CodeEditorViewController.swift; sourceTree = "<group>"; };
		27C665EB1C49650900C6B6EC /* custom_wave_rider.js */ = {isa = PBXFileReference; fileEncoding = 4; lastKnownFileType = sourcecode.javascript; path = custom_wave_rider.js; sourceTree = "<group>"; };
		27C665EE1C496D5C00C6B6EC /* MyPlayground.playground */ = {isa = PBXFileReference; lastKnownFileType = file.playground; path = MyPlayground.playground; sourceTree = "<group>"; };
		27CA811F1C39ACC900028C5D /* simulation_game_of_life.js */ = {isa = PBXFileReference; lastKnownFileType = sourcecode.javascript; path = simulation_game_of_life.js; sourceTree = "<group>"; };
		27CA81221C39AE6800028C5D /* 3d_sine_cosine_in_3d.js */ = {isa = PBXFileReference; fileEncoding = 4; lastKnownFileType = sourcecode.javascript; path = 3d_sine_cosine_in_3d.js; sourceTree = "<group>"; };
		27CA81241C39AF0600028C5D /* 3d_orbit_control.js */ = {isa = PBXFileReference; fileEncoding = 4; lastKnownFileType = sourcecode.javascript; path = 3d_orbit_control.js; sourceTree = "<group>"; };
		27CA81261C39B05000028C5D /* 3d_textures.js */ = {isa = PBXFileReference; fileEncoding = 4; lastKnownFileType = sourcecode.javascript; path = 3d_textures.js; sourceTree = "<group>"; };
		27CA81281C39B38D00028C5D /* sound_oscillator_frequency.js */ = {isa = PBXFileReference; fileEncoding = 4; lastKnownFileType = sourcecode.javascript; path = sound_oscillator_frequency.js; sourceTree = "<group>"; };
		27CA812C1C39B56800028C5D /* math_additive_wave.js */ = {isa = PBXFileReference; fileEncoding = 4; lastKnownFileType = sourcecode.javascript; path = math_additive_wave.js; sourceTree = "<group>"; };
		27CA812E1C39B7E000028C5D /* sound_mic_input.js */ = {isa = PBXFileReference; fileEncoding = 4; lastKnownFileType = sourcecode.javascript; path = sound_mic_input.js; sourceTree = "<group>"; };
		27F815011C3C991E00FD5CB4 /* triangle_strip_advanced.js */ = {isa = PBXFileReference; fileEncoding = 4; lastKnownFileType = sourcecode.javascript; path = triangle_strip_advanced.js; sourceTree = "<group>"; };
		B09FA18CFDB8FD073AD1388B /* Pods.framework */ = {isa = PBXFileReference; explicitFileType = wrapper.framework; includeInIndex = 0; path = Pods.framework; sourceTree = BUILT_PRODUCTS_DIR; };
		E28C152D75049D8DB3CD3F0C /* Pods.release.xcconfig */ = {isa = PBXFileReference; includeInIndex = 1; lastKnownFileType = text.xcconfig; name = Pods.release.xcconfig; path = "Pods/Target Support Files/Pods/Pods.release.xcconfig"; sourceTree = "<group>"; };
/* End PBXFileReference section */

/* Begin PBXFrameworksBuildPhase section */
		273849391C3885D400CA627E /* Frameworks */ = {
			isa = PBXFrameworksBuildPhase;
			buildActionMask = 2147483647;
			files = (
				273849931C388C7900CA627E /* p5native.framework in Frameworks */,
				B1DF07836B417AD80A3FD2F3 /* Pods.framework in Frameworks */,
			);
			runOnlyForDeploymentPostprocessing = 0;
		};
		2738494D1C3885D400CA627E /* Frameworks */ = {
			isa = PBXFrameworksBuildPhase;
			buildActionMask = 2147483647;
			files = (
			);
			runOnlyForDeploymentPostprocessing = 0;
		};
		273849581C3885D400CA627E /* Frameworks */ = {
			isa = PBXFrameworksBuildPhase;
			buildActionMask = 2147483647;
			files = (
			);
			runOnlyForDeploymentPostprocessing = 0;
		};
/* End PBXFrameworksBuildPhase section */

/* Begin PBXGroup section */
		273586461C39F4610049DA57 /* Libraries */ = {
			isa = PBXGroup;
			children = (
				273586481C39F4920049DA57 /* CYRTextView */,
			);
			name = Libraries;
			path = Emerge/Libraries;
			sourceTree = SOURCE_ROOT;
		};
		273586481C39F4920049DA57 /* CYRTextView */ = {
			isa = PBXGroup;
			children = (
				273586561C39F5170049DA57 /* QEDTextView.h */,
				273586571C39F5170049DA57 /* QEDTextView.m */,
				2735864A1C39F4BF0049DA57 /* CYRLayoutManager.h */,
				2735864B1C39F4BF0049DA57 /* CYRLayoutManager.m */,
				2735864C1C39F4BF0049DA57 /* CYRTextStorage.h */,
				2735864D1C39F4BF0049DA57 /* CYRTextStorage.m */,
				2735864E1C39F4BF0049DA57 /* CYRTextView.h */,
				2735864F1C39F4BF0049DA57 /* CYRTextView.m */,
				273586501C39F4BF0049DA57 /* CYRToken.h */,
				273586511C39F4BF0049DA57 /* CYRToken.m */,
				273586491C39F4BF0049DA57 /* Emerge-Bridging-Header.h */,
			);
			name = CYRTextView;
			path = Emerge/Libraries/CYRTextView;
			sourceTree = SOURCE_ROOT;
		};
		273849331C3885D400CA627E = {
			isa = PBXGroup;
			children = (
				2738493E1C3885D400CA627E /* Emerge */,
				273849531C3885D400CA627E /* EmergeTests */,
				2738495E1C3885D400CA627E /* EmergeUITests */,
				2738493D1C3885D400CA627E /* Products */,
				BA79908F259A25BAC4A6E652 /* Pods */,
				469A2FEE907C8FD2CA54011C /* Frameworks */,
			);
			sourceTree = "<group>";
		};
		2738493D1C3885D400CA627E /* Products */ = {
			isa = PBXGroup;
			children = (
				2738493C1C3885D400CA627E /* Emerge.app */,
				273849501C3885D400CA627E /* EmergeTests.xctest */,
				2738495B1C3885D400CA627E /* EmergeUITests.xctest */,
			);
			name = Products;
			sourceTree = "<group>";
		};
		2738493E1C3885D400CA627E /* Emerge */ = {
			isa = PBXGroup;
			children = (
				2738498A1C388C7200CA627E /* p5native.xcodeproj */,
				273849701C38866900CA627E /* Sketches */,
				273849981C38978100CA627E /* Binding */,
				27A3272E1C39EF4600798110 /* CodeEditorViewController.swift */,
				273849711C38868400CA627E /* SketchViewController.swift */,
				273849721C38868400CA627E /* SketchesTableViewController.swift */,
				2738493F1C3885D400CA627E /* AppDelegate.swift */,
				2738496D1C38862000CA627E /* Main.storyboard */,
				273586461C39F4610049DA57 /* Libraries */,
				273849481C3885D400CA627E /* LaunchScreen.storyboard */,
				273849461C3885D400CA627E /* Assets.xcassets */,
				2738494B1C3885D400CA627E /* Info.plist */,
				27C665EE1C496D5C00C6B6EC /* MyPlayground.playground */,
			);
			path = Emerge;
			sourceTree = "<group>";
		};
		273849531C3885D400CA627E /* EmergeTests */ = {
			isa = PBXGroup;
			children = (
				273849541C3885D400CA627E /* EmergeTests.swift */,
				273849561C3885D400CA627E /* Info.plist */,
			);
			path = EmergeTests;
			sourceTree = "<group>";
		};
		2738495E1C3885D400CA627E /* EmergeUITests */ = {
			isa = PBXGroup;
			children = (
				2738495F1C3885D400CA627E /* EmergeUITests.swift */,
				273849611C3885D400CA627E /* Info.plist */,
			);
			path = EmergeUITests;
			sourceTree = "<group>";
		};
		273849701C38866900CA627E /* Sketches */ = {
			isa = PBXGroup;
			children = (
				273849761C38874400CA627E /* basic_rect.js */,
				271C59E81C38B2AC00CC6956 /* structure_recursion.js */,
				27CA811F1C39ACC900028C5D /* simulation_game_of_life.js */,
				27CA812C1C39B56800028C5D /* math_additive_wave.js */,
				273C834A1C39FAFC00171660 /* triangle_strip.js */,
				27F815011C3C991E00FD5CB4 /* triangle_strip_advanced.js */,
				27CA81221C39AE6800028C5D /* 3d_sine_cosine_in_3d.js */,
				27CA81241C39AF0600028C5D /* 3d_orbit_control.js */,
				27CA81261C39B05000028C5D /* 3d_textures.js */,
				27CA812E1C39B7E000028C5D /* sound_mic_input.js */,
				27CA81281C39B38D00028C5D /* sound_oscillator_frequency.js */,
				2758FF651C3DA68200CEB0A4 /* simulate_flocking.js */,
				2758FF701C3DADBB00CEB0A4 /* simulate_spirograph.js */,
				2758FF681C3DA84300CEB0A4 /* math_noise_wave.js */,
				2758FF6A1C3DA95700CEB0A4 /* mobile_acceleration_ball_bounce.js */,
				2758FF6E1C3DABFF00CEB0A4 /* hello_p5_weather.js */,
				27C665EB1C49650900C6B6EC /* custom_wave_rider.js */,
			);
			name = Sketches;
			path = Emerge/Sketches;
			sourceTree = SOURCE_ROOT;
		};
		2738498B1C388C7200CA627E /* Products */ = {
			isa = PBXGroup;
			children = (
				273849901C388C7200CA627E /* p5native.framework */,
				273849921C388C7200CA627E /* p5nativeTests.xctest */,
			);
			name = Products;
			sourceTree = "<group>";
		};
		273849981C38978100CA627E /* Binding */ = {
			isa = PBXGroup;
			children = (
				273849991C3897AC00CA627E /* Binding.swift */,
				2738499B1C389F9C00CA627E /* Slider.swift */,
			);
			name = Binding;
			path = Emerge/Binding;
			sourceTree = SOURCE_ROOT;
		};
		469A2FEE907C8FD2CA54011C /* Frameworks */ = {
			isa = PBXGroup;
			children = (
				B09FA18CFDB8FD073AD1388B /* Pods.framework */,
			);
			name = Frameworks;
			sourceTree = "<group>";
		};
		BA79908F259A25BAC4A6E652 /* Pods */ = {
			isa = PBXGroup;
			children = (
				00CB19B54A9E7765D60C4A60 /* Pods.debug.xcconfig */,
				E28C152D75049D8DB3CD3F0C /* Pods.release.xcconfig */,
			);
			name = Pods;
			sourceTree = "<group>";
		};
/* End PBXGroup section */

/* Begin PBXNativeTarget section */
		2738493B1C3885D400CA627E /* Emerge */ = {
			isa = PBXNativeTarget;
			buildConfigurationList = 273849641C3885D400CA627E /* Build configuration list for PBXNativeTarget "Emerge" */;
			buildPhases = (
				AFEC6B29AE16EB164B4AE6B4 /* Check Pods Manifest.lock */,
				273849381C3885D400CA627E /* Sources */,
				273849391C3885D400CA627E /* Frameworks */,
				2738493A1C3885D400CA627E /* Resources */,
				273849971C388C7900CA627E /* Embed Frameworks */,
				FA76D1B0232D9F5A43CF381E /* Embed Pods Frameworks */,
				2AE753E682E5C361A43C7E71 /* Copy Pods Resources */,
			);
			buildRules = (
			);
			dependencies = (
				273849961C388C7900CA627E /* PBXTargetDependency */,
			);
			name = Emerge;
			productName = Emerge;
			productReference = 2738493C1C3885D400CA627E /* Emerge.app */;
			productType = "com.apple.product-type.application";
		};
		2738494F1C3885D400CA627E /* EmergeTests */ = {
			isa = PBXNativeTarget;
			buildConfigurationList = 273849671C3885D400CA627E /* Build configuration list for PBXNativeTarget "EmergeTests" */;
			buildPhases = (
				2738494C1C3885D400CA627E /* Sources */,
				2738494D1C3885D400CA627E /* Frameworks */,
				2738494E1C3885D400CA627E /* Resources */,
			);
			buildRules = (
			);
			dependencies = (
				273849521C3885D400CA627E /* PBXTargetDependency */,
			);
			name = EmergeTests;
			productName = EmergeTests;
			productReference = 273849501C3885D400CA627E /* EmergeTests.xctest */;
			productType = "com.apple.product-type.bundle.unit-test";
		};
		2738495A1C3885D400CA627E /* EmergeUITests */ = {
			isa = PBXNativeTarget;
			buildConfigurationList = 2738496A1C3885D400CA627E /* Build configuration list for PBXNativeTarget "EmergeUITests" */;
			buildPhases = (
				273849571C3885D400CA627E /* Sources */,
				273849581C3885D400CA627E /* Frameworks */,
				273849591C3885D400CA627E /* Resources */,
			);
			buildRules = (
			);
			dependencies = (
				2738495D1C3885D400CA627E /* PBXTargetDependency */,
			);
			name = EmergeUITests;
			productName = EmergeUITests;
			productReference = 2738495B1C3885D400CA627E /* EmergeUITests.xctest */;
			productType = "com.apple.product-type.bundle.ui-testing";
		};
/* End PBXNativeTarget section */

/* Begin PBXProject section */
		273849341C3885D400CA627E /* Project object */ = {
			isa = PBXProject;
			attributes = {
				LastSwiftUpdateCheck = 0720;
				LastUpgradeCheck = 0720;
				ORGANIZATIONNAME = "Kyle Stewart";
				TargetAttributes = {
					2738493B1C3885D400CA627E = {
						CreatedOnToolsVersion = 7.2;
					};
					2738494F1C3885D400CA627E = {
						CreatedOnToolsVersion = 7.2;
						TestTargetID = 2738493B1C3885D400CA627E;
					};
					2738495A1C3885D400CA627E = {
						CreatedOnToolsVersion = 7.2;
						TestTargetID = 2738493B1C3885D400CA627E;
					};
				};
			};
			buildConfigurationList = 273849371C3885D400CA627E /* Build configuration list for PBXProject "Emerge" */;
			compatibilityVersion = "Xcode 3.2";
			developmentRegion = English;
			hasScannedForEncodings = 0;
			knownRegions = (
				en,
				Base,
			);
			mainGroup = 273849331C3885D400CA627E;
			productRefGroup = 2738493D1C3885D400CA627E /* Products */;
			projectDirPath = "";
			projectReferences = (
				{
					ProductGroup = 2738498B1C388C7200CA627E /* Products */;
					ProjectRef = 2738498A1C388C7200CA627E /* p5native.xcodeproj */;
				},
			);
			projectRoot = "";
			targets = (
				2738493B1C3885D400CA627E /* Emerge */,
				2738494F1C3885D400CA627E /* EmergeTests */,
				2738495A1C3885D400CA627E /* EmergeUITests */,
			);
		};
/* End PBXProject section */

/* Begin PBXReferenceProxy section */
		273849901C388C7200CA627E /* p5native.framework */ = {
			isa = PBXReferenceProxy;
			fileType = wrapper.framework;
			path = p5native.framework;
			remoteRef = 2738498F1C388C7200CA627E /* PBXContainerItemProxy */;
			sourceTree = BUILT_PRODUCTS_DIR;
		};
		273849921C388C7200CA627E /* p5nativeTests.xctest */ = {
			isa = PBXReferenceProxy;
			fileType = wrapper.cfbundle;
			path = p5nativeTests.xctest;
			remoteRef = 273849911C388C7200CA627E /* PBXContainerItemProxy */;
			sourceTree = BUILT_PRODUCTS_DIR;
		};
/* End PBXReferenceProxy section */

/* Begin PBXResourcesBuildPhase section */
		2738493A1C3885D400CA627E /* Resources */ = {
			isa = PBXResourcesBuildPhase;
			buildActionMask = 2147483647;
			files = (
				2738496E1C38862000CA627E /* Main.storyboard in Resources */,
				2738494A1C3885D400CA627E /* LaunchScreen.storyboard in Resources */,
				27CA812D1C39B56800028C5D /* math_additive_wave.js in Resources */,
				2758FF661C3DA68200CEB0A4 /* simulate_flocking.js in Resources */,
				27CA81211C39ADD900028C5D /* simulation_game_of_life.js in Resources */,
				27CA81291C39B38D00028C5D /* sound_oscillator_frequency.js in Resources */,
				2758FF6B1C3DA95700CEB0A4 /* mobile_acceleration_ball_bounce.js in Resources */,
				2758FF691C3DA84300CEB0A4 /* math_noise_wave.js in Resources */,
				273849471C3885D400CA627E /* Assets.xcassets in Resources */,
				2758FF6F1C3DABFF00CEB0A4 /* hello_p5_weather.js in Resources */,
				27CA81251C39AF0600028C5D /* 3d_orbit_control.js in Resources */,
				27CA81231C39AE6800028C5D /* 3d_sine_cosine_in_3d.js in Resources */,
				271C59E91C38B2AC00CC6956 /* structure_recursion.js in Resources */,
				27C665EC1C49650900C6B6EC /* custom_wave_rider.js in Resources */,
				27CA812F1C39B7E000028C5D /* sound_mic_input.js in Resources */,
				273849771C38874400CA627E /* basic_rect.js in Resources */,
				27F815021C3C991E00FD5CB4 /* triangle_strip_advanced.js in Resources */,
				2758FF711C3DADBB00CEB0A4 /* simulate_spirograph.js in Resources */,
				27CA81271C39B05000028C5D /* 3d_textures.js in Resources */,
				273C834B1C39FAFC00171660 /* triangle_strip.js in Resources */,
			);
			runOnlyForDeploymentPostprocessing = 0;
		};
		2738494E1C3885D400CA627E /* Resources */ = {
			isa = PBXResourcesBuildPhase;
			buildActionMask = 2147483647;
			files = (
			);
			runOnlyForDeploymentPostprocessing = 0;
		};
		273849591C3885D400CA627E /* Resources */ = {
			isa = PBXResourcesBuildPhase;
			buildActionMask = 2147483647;
			files = (
			);
			runOnlyForDeploymentPostprocessing = 0;
		};
/* End PBXResourcesBuildPhase section */

/* Begin PBXShellScriptBuildPhase section */
		2AE753E682E5C361A43C7E71 /* Copy Pods Resources */ = {
			isa = PBXShellScriptBuildPhase;
			buildActionMask = 2147483647;
			files = (
			);
			inputPaths = (
			);
			name = "Copy Pods Resources";
			outputPaths = (
			);
			runOnlyForDeploymentPostprocessing = 0;
			shellPath = /bin/sh;
			shellScript = "\"${SRCROOT}/Pods/Target Support Files/Pods/Pods-resources.sh\"\n";
			showEnvVarsInLog = 0;
		};
		AFEC6B29AE16EB164B4AE6B4 /* Check Pods Manifest.lock */ = {
			isa = PBXShellScriptBuildPhase;
			buildActionMask = 2147483647;
			files = (
			);
			inputPaths = (
			);
			name = "Check Pods Manifest.lock";
			outputPaths = (
			);
			runOnlyForDeploymentPostprocessing = 0;
			shellPath = /bin/sh;
			shellScript = "diff \"${PODS_ROOT}/../Podfile.lock\" \"${PODS_ROOT}/Manifest.lock\" > /dev/null\nif [[ $? != 0 ]] ; then\n    cat << EOM\nerror: The sandbox is not in sync with the Podfile.lock. Run 'pod install' or update your CocoaPods installation.\nEOM\n    exit 1\nfi\n";
			showEnvVarsInLog = 0;
		};
		FA76D1B0232D9F5A43CF381E /* Embed Pods Frameworks */ = {
			isa = PBXShellScriptBuildPhase;
			buildActionMask = 2147483647;
			files = (
			);
			inputPaths = (
			);
			name = "Embed Pods Frameworks";
			outputPaths = (
			);
			runOnlyForDeploymentPostprocessing = 0;
			shellPath = /bin/sh;
			shellScript = "\"${SRCROOT}/Pods/Target Support Files/Pods/Pods-frameworks.sh\"\n";
			showEnvVarsInLog = 0;
		};
/* End PBXShellScriptBuildPhase section */

/* Begin PBXSourcesBuildPhase section */
		273849381C3885D400CA627E /* Sources */ = {
			isa = PBXSourcesBuildPhase;
			buildActionMask = 2147483647;
			files = (
				273586551C39F4BF0049DA57 /* CYRToken.m in Sources */,
				273849741C38868400CA627E /* SketchesTableViewController.swift in Sources */,
				273849731C38868400CA627E /* SketchViewController.swift in Sources */,
				273849401C3885D400CA627E /* AppDelegate.swift in Sources */,
				273586531C39F4BF0049DA57 /* CYRTextStorage.m in Sources */,
				273586521C39F4BF0049DA57 /* CYRLayoutManager.m in Sources */,
				273586581C39F5170049DA57 /* QEDTextView.m in Sources */,
				273586541C39F4BF0049DA57 /* CYRTextView.m in Sources */,
				2738499A1C3897AC00CA627E /* Binding.swift in Sources */,
				27A3272F1C39EF4600798110 /* CodeEditorViewController.swift in Sources */,
				2738499C1C389F9C00CA627E /* Slider.swift in Sources */,
			);
			runOnlyForDeploymentPostprocessing = 0;
		};
		2738494C1C3885D400CA627E /* Sources */ = {
			isa = PBXSourcesBuildPhase;
			buildActionMask = 2147483647;
			files = (
				273849551C3885D400CA627E /* EmergeTests.swift in Sources */,
			);
			runOnlyForDeploymentPostprocessing = 0;
		};
		273849571C3885D400CA627E /* Sources */ = {
			isa = PBXSourcesBuildPhase;
			buildActionMask = 2147483647;
			files = (
				273849601C3885D400CA627E /* EmergeUITests.swift in Sources */,
			);
			runOnlyForDeploymentPostprocessing = 0;
		};
/* End PBXSourcesBuildPhase section */

/* Begin PBXTargetDependency section */
		273849521C3885D400CA627E /* PBXTargetDependency */ = {
			isa = PBXTargetDependency;
			target = 2738493B1C3885D400CA627E /* Emerge */;
			targetProxy = 273849511C3885D400CA627E /* PBXContainerItemProxy */;
		};
		2738495D1C3885D400CA627E /* PBXTargetDependency */ = {
			isa = PBXTargetDependency;
			target = 2738493B1C3885D400CA627E /* Emerge */;
			targetProxy = 2738495C1C3885D400CA627E /* PBXContainerItemProxy */;
		};
		273849961C388C7900CA627E /* PBXTargetDependency */ = {
			isa = PBXTargetDependency;
			name = p5native;
			targetProxy = 273849951C388C7900CA627E /* PBXContainerItemProxy */;
		};
/* End PBXTargetDependency section */

/* Begin PBXVariantGroup section */
		273849481C3885D400CA627E /* LaunchScreen.storyboard */ = {
			isa = PBXVariantGroup;
			children = (
				273849491C3885D400CA627E /* Base */,
			);
			name = LaunchScreen.storyboard;
			sourceTree = "<group>";
		};
/* End PBXVariantGroup section */

/* Begin XCBuildConfiguration section */
		273849621C3885D400CA627E /* Debug */ = {
			isa = XCBuildConfiguration;
			buildSettings = {
				ALWAYS_SEARCH_USER_PATHS = NO;
				CLANG_CXX_LANGUAGE_STANDARD = "gnu++0x";
				CLANG_CXX_LIBRARY = "libc++";
				CLANG_ENABLE_MODULES = YES;
				CLANG_ENABLE_OBJC_ARC = YES;
				CLANG_WARN_BOOL_CONVERSION = YES;
				CLANG_WARN_CONSTANT_CONVERSION = YES;
				CLANG_WARN_DIRECT_OBJC_ISA_USAGE = YES_ERROR;
				CLANG_WARN_EMPTY_BODY = YES;
				CLANG_WARN_ENUM_CONVERSION = YES;
				CLANG_WARN_INT_CONVERSION = YES;
				CLANG_WARN_OBJC_ROOT_CLASS = YES_ERROR;
				CLANG_WARN_UNREACHABLE_CODE = YES;
				CLANG_WARN__DUPLICATE_METHOD_MATCH = YES;
				"CODE_SIGN_IDENTITY[sdk=iphoneos*]" = "iPhone Developer";
				COPY_PHASE_STRIP = NO;
				DEBUG_INFORMATION_FORMAT = dwarf;
				ENABLE_STRICT_OBJC_MSGSEND = YES;
				ENABLE_TESTABILITY = YES;
				GCC_C_LANGUAGE_STANDARD = gnu99;
				GCC_DYNAMIC_NO_PIC = NO;
				GCC_NO_COMMON_BLOCKS = YES;
				GCC_OPTIMIZATION_LEVEL = 0;
				GCC_PREPROCESSOR_DEFINITIONS = (
					"DEBUG=1",
					"$(inherited)",
				);
				GCC_WARN_64_TO_32_BIT_CONVERSION = YES;
				GCC_WARN_ABOUT_RETURN_TYPE = YES_ERROR;
				GCC_WARN_UNDECLARED_SELECTOR = YES;
				GCC_WARN_UNINITIALIZED_AUTOS = YES_AGGRESSIVE;
				GCC_WARN_UNUSED_FUNCTION = YES;
				GCC_WARN_UNUSED_VARIABLE = YES;
				IPHONEOS_DEPLOYMENT_TARGET = 9.2;
				MTL_ENABLE_DEBUG_INFO = YES;
				ONLY_ACTIVE_ARCH = YES;
				SDKROOT = iphoneos;
				SWIFT_OPTIMIZATION_LEVEL = "-Onone";
				TARGETED_DEVICE_FAMILY = "1,2";
			};
			name = Debug;
		};
		273849631C3885D400CA627E /* Release */ = {
			isa = XCBuildConfiguration;
			buildSettings = {
				ALWAYS_SEARCH_USER_PATHS = NO;
				CLANG_CXX_LANGUAGE_STANDARD = "gnu++0x";
				CLANG_CXX_LIBRARY = "libc++";
				CLANG_ENABLE_MODULES = YES;
				CLANG_ENABLE_OBJC_ARC = YES;
				CLANG_WARN_BOOL_CONVERSION = YES;
				CLANG_WARN_CONSTANT_CONVERSION = YES;
				CLANG_WARN_DIRECT_OBJC_ISA_USAGE = YES_ERROR;
				CLANG_WARN_EMPTY_BODY = YES;
				CLANG_WARN_ENUM_CONVERSION = YES;
				CLANG_WARN_INT_CONVERSION = YES;
				CLANG_WARN_OBJC_ROOT_CLASS = YES_ERROR;
				CLANG_WARN_UNREACHABLE_CODE = YES;
				CLANG_WARN__DUPLICATE_METHOD_MATCH = YES;
				"CODE_SIGN_IDENTITY[sdk=iphoneos*]" = "iPhone Developer";
				COPY_PHASE_STRIP = NO;
				DEBUG_INFORMATION_FORMAT = "dwarf-with-dsym";
				ENABLE_NS_ASSERTIONS = NO;
				ENABLE_STRICT_OBJC_MSGSEND = YES;
				GCC_C_LANGUAGE_STANDARD = gnu99;
				GCC_NO_COMMON_BLOCKS = YES;
				GCC_WARN_64_TO_32_BIT_CONVERSION = YES;
				GCC_WARN_ABOUT_RETURN_TYPE = YES_ERROR;
				GCC_WARN_UNDECLARED_SELECTOR = YES;
				GCC_WARN_UNINITIALIZED_AUTOS = YES_AGGRESSIVE;
				GCC_WARN_UNUSED_FUNCTION = YES;
				GCC_WARN_UNUSED_VARIABLE = YES;
				IPHONEOS_DEPLOYMENT_TARGET = 9.2;
				MTL_ENABLE_DEBUG_INFO = NO;
				SDKROOT = iphoneos;
				TARGETED_DEVICE_FAMILY = "1,2";
				VALIDATE_PRODUCT = YES;
			};
			name = Release;
		};
		273849651C3885D400CA627E /* Debug */ = {
			isa = XCBuildConfiguration;
			baseConfigurationReference = 00CB19B54A9E7765D60C4A60 /* Pods.debug.xcconfig */;
			buildSettings = {
				ASSETCATALOG_COMPILER_APPICON_NAME = AppIcon;
				CLANG_ENABLE_MODULES = YES;
				EMBEDDED_CONTENT_CONTAINS_SWIFT = YES;
				INFOPLIST_FILE = Emerge/Info.plist;
				LD_RUNPATH_SEARCH_PATHS = "$(inherited) @executable_path/Frameworks";
				PRODUCT_BUNDLE_IDENTIFIER = co.kylestewart.Emerge;
				PRODUCT_NAME = "$(TARGET_NAME)";
				SWIFT_OBJC_BRIDGING_HEADER = "Emerge/Libraries/CYRTextView/Emerge-Bridging-Header.h";
				SWIFT_OPTIMIZATION_LEVEL = "-Onone";
			};
			name = Debug;
		};
		273849661C3885D400CA627E /* Release */ = {
			isa = XCBuildConfiguration;
			baseConfigurationReference = E28C152D75049D8DB3CD3F0C /* Pods.release.xcconfig */;
			buildSettings = {
				ASSETCATALOG_COMPILER_APPICON_NAME = AppIcon;
				CLANG_ENABLE_MODULES = YES;
				EMBEDDED_CONTENT_CONTAINS_SWIFT = YES;
				INFOPLIST_FILE = Emerge/Info.plist;
				LD_RUNPATH_SEARCH_PATHS = "$(inherited) @executable_path/Frameworks";
				PRODUCT_BUNDLE_IDENTIFIER = co.kylestewart.Emerge;
				PRODUCT_NAME = "$(TARGET_NAME)";
				SWIFT_OBJC_BRIDGING_HEADER = "Emerge/Libraries/CYRTextView/Emerge-Bridging-Header.h";
			};
			name = Release;
		};
		273849681C3885D400CA627E /* Debug */ = {
			isa = XCBuildConfiguration;
			buildSettings = {
				BUNDLE_LOADER = "$(TEST_HOST)";
				INFOPLIST_FILE = EmergeTests/Info.plist;
				LD_RUNPATH_SEARCH_PATHS = "$(inherited) @executable_path/Frameworks @loader_path/Frameworks";
				PRODUCT_BUNDLE_IDENTIFIER = co.kylestewart.EmergeTests;
				PRODUCT_NAME = "$(TARGET_NAME)";
				TEST_HOST = "$(BUILT_PRODUCTS_DIR)/Emerge.app/Emerge";
			};
			name = Debug;
		};
		273849691C3885D400CA627E /* Release */ = {
			isa = XCBuildConfiguration;
			buildSettings = {
				BUNDLE_LOADER = "$(TEST_HOST)";
				INFOPLIST_FILE = EmergeTests/Info.plist;
				LD_RUNPATH_SEARCH_PATHS = "$(inherited) @executable_path/Frameworks @loader_path/Frameworks";
				PRODUCT_BUNDLE_IDENTIFIER = co.kylestewart.EmergeTests;
				PRODUCT_NAME = "$(TARGET_NAME)";
				TEST_HOST = "$(BUILT_PRODUCTS_DIR)/Emerge.app/Emerge";
			};
			name = Release;
		};
		2738496B1C3885D400CA627E /* Debug */ = {
			isa = XCBuildConfiguration;
			buildSettings = {
				INFOPLIST_FILE = EmergeUITests/Info.plist;
				LD_RUNPATH_SEARCH_PATHS = "$(inherited) @executable_path/Frameworks @loader_path/Frameworks";
				PRODUCT_BUNDLE_IDENTIFIER = co.kylestewart.EmergeUITests;
				PRODUCT_NAME = "$(TARGET_NAME)";
				TEST_TARGET_NAME = Emerge;
				USES_XCTRUNNER = YES;
			};
			name = Debug;
		};
		2738496C1C3885D400CA627E /* Release */ = {
			isa = XCBuildConfiguration;
			buildSettings = {
				INFOPLIST_FILE = EmergeUITests/Info.plist;
				LD_RUNPATH_SEARCH_PATHS = "$(inherited) @executable_path/Frameworks @loader_path/Frameworks";
				PRODUCT_BUNDLE_IDENTIFIER = co.kylestewart.EmergeUITests;
				PRODUCT_NAME = "$(TARGET_NAME)";
				TEST_TARGET_NAME = Emerge;
				USES_XCTRUNNER = YES;
			};
			name = Release;
		};
/* End XCBuildConfiguration section */

/* Begin XCConfigurationList section */
		273849371C3885D400CA627E /* Build configuration list for PBXProject "Emerge" */ = {
			isa = XCConfigurationList;
			buildConfigurations = (
				273849621C3885D400CA627E /* Debug */,
				273849631C3885D400CA627E /* Release */,
			);
			defaultConfigurationIsVisible = 0;
			defaultConfigurationName = Release;
		};
		273849641C3885D400CA627E /* Build configuration list for PBXNativeTarget "Emerge" */ = {
			isa = XCConfigurationList;
			buildConfigurations = (
				273849651C3885D400CA627E /* Debug */,
				273849661C3885D400CA627E /* Release */,
			);
			defaultConfigurationIsVisible = 0;
			defaultConfigurationName = Release;
		};
		273849671C3885D400CA627E /* Build configuration list for PBXNativeTarget "EmergeTests" */ = {
			isa = XCConfigurationList;
			buildConfigurations = (
				273849681C3885D400CA627E /* Debug */,
				273849691C3885D400CA627E /* Release */,
			);
			defaultConfigurationIsVisible = 0;
			defaultConfigurationName = Release;
		};
		2738496A1C3885D400CA627E /* Build configuration list for PBXNativeTarget "EmergeUITests" */ = {
			isa = XCConfigurationList;
			buildConfigurations = (
				2738496B1C3885D400CA627E /* Debug */,
				2738496C1C3885D400CA627E /* Release */,
			);
			defaultConfigurationIsVisible = 0;
			defaultConfigurationName = Release;
		};
/* End XCConfigurationList section */
	};
	rootObject = 273849341C3885D400CA627E /* Project object */;
}
